// !$*UTF8*$!
{
	archiveVersion = 1;
	classes = {
	};
	objectVersion = 50;
	objects = {

/* Begin PBXBuildFile section */
		175EA05521A6BD7600E17849 /* EventModel.swift in Sources */ = {isa = PBXBuildFile; fileRef = 175EA05421A6BD7600E17849 /* EventModel.swift */; };
		175EA05721A6BFB900E17849 /* EventListVM.swift in Sources */ = {isa = PBXBuildFile; fileRef = 175EA05621A6BFB900E17849 /* EventListVM.swift */; };
		175EA05B21A6CF2700E17849 /* SearchEventVM.swift in Sources */ = {isa = PBXBuildFile; fileRef = 175EA05A21A6CF2700E17849 /* SearchEventVM.swift */; };
		1786402C21A531D6006ED91B /* AppDelegate.swift in Sources */ = {isa = PBXBuildFile; fileRef = 1786402B21A531D6006ED91B /* AppDelegate.swift */; };
		1786403121A531D6006ED91B /* Main.storyboard in Resources */ = {isa = PBXBuildFile; fileRef = 1786402F21A531D6006ED91B /* Main.storyboard */; };
		1786403321A531D6006ED91B /* Assets.xcassets in Resources */ = {isa = PBXBuildFile; fileRef = 1786403221A531D6006ED91B /* Assets.xcassets */; };
		1786403621A531D6006ED91B /* LaunchScreen.storyboard in Resources */ = {isa = PBXBuildFile; fileRef = 1786403421A531D6006ED91B /* LaunchScreen.storyboard */; };
		1786404121A531D7006ED91B /* Carrier_UTCTests.swift in Sources */ = {isa = PBXBuildFile; fileRef = 1786404021A531D7006ED91B /* Carrier_UTCTests.swift */; };
		1786404C21A531D7006ED91B /* Carrier_UTCUITests.swift in Sources */ = {isa = PBXBuildFile; fileRef = 1786404B21A531D7006ED91B /* Carrier_UTCUITests.swift */; };
		1786406121A5335B006ED91B /* Constant.swift in Sources */ = {isa = PBXBuildFile; fileRef = 1786405E21A5335B006ED91B /* Constant.swift */; };
		1786406221A5335B006ED91B /* ConstantTexts.swift in Sources */ = {isa = PBXBuildFile; fileRef = 1786405F21A5335B006ED91B /* ConstantTexts.swift */; };
		1786406321A5335B006ED91B /* Helper.swift in Sources */ = {isa = PBXBuildFile; fileRef = 1786406021A5335B006ED91B /* Helper.swift */; };
		1786406D21A53381006ED91B /* UIButtonAddition.swift in Sources */ = {isa = PBXBuildFile; fileRef = 1786406421A53380006ED91B /* UIButtonAddition.swift */; };
		1786406E21A53381006ED91B /* UIImageViewUtility.swift in Sources */ = {isa = PBXBuildFile; fileRef = 1786406521A53380006ED91B /* UIImageViewUtility.swift */; };
		1786406F21A53381006ED91B /* UITextFieldAddition.swift in Sources */ = {isa = PBXBuildFile; fileRef = 1786406621A53380006ED91B /* UITextFieldAddition.swift */; };
		1786407021A53381006ED91B /* UIColorAddition.swift in Sources */ = {isa = PBXBuildFile; fileRef = 1786406721A53380006ED91B /* UIColorAddition.swift */; };
		1786407121A53381006ED91B /* UIImage+Orientation.swift in Sources */ = {isa = PBXBuildFile; fileRef = 1786406821A53380006ED91B /* UIImage+Orientation.swift */; };
		1786407221A53381006ED91B /* UITableViewAddition.swift in Sources */ = {isa = PBXBuildFile; fileRef = 1786406921A53380006ED91B /* UITableViewAddition.swift */; };
		1786407321A53381006ED91B /* UIFontAddition.swift in Sources */ = {isa = PBXBuildFile; fileRef = 1786406A21A53381006ED91B /* UIFontAddition.swift */; };
		1786407421A53381006ED91B /* UIViewAddition.swift in Sources */ = {isa = PBXBuildFile; fileRef = 1786406B21A53381006ED91B /* UIViewAddition.swift */; };
		1786407521A53381006ED91B /* DateUtility.swift in Sources */ = {isa = PBXBuildFile; fileRef = 1786406C21A53381006ED91B /* DateUtility.swift */; };
		1786407721A533EA006ED91B /* Alert.swift in Sources */ = {isa = PBXBuildFile; fileRef = 1786407621A533EA006ED91B /* Alert.swift */; };
		1786407921A534AC006ED91B /* Enumeration.swift in Sources */ = {isa = PBXBuildFile; fileRef = 1786407821A534AC006ED91B /* Enumeration.swift */; };
		1786408621A541A6006ED91B /* Event.storyboard in Resources */ = {isa = PBXBuildFile; fileRef = 1786408521A541A6006ED91B /* Event.storyboard */; };
		1786408A21A542DC006ED91B /* EventListViewC.swift in Sources */ = {isa = PBXBuildFile; fileRef = 1786408921A542DC006ED91B /* EventListViewC.swift */; };
		1786408E21A5569B006ED91B /* CellEvent.swift in Sources */ = {isa = PBXBuildFile; fileRef = 1786408C21A5569B006ED91B /* CellEvent.swift */; };
		1786408F21A5569B006ED91B /* CellEvent.xib in Resources */ = {isa = PBXBuildFile; fileRef = 1786408D21A5569B006ED91B /* CellEvent.xib */; };
		178F59A721A9DD36008354D1 /* FBSDKShareKit.framework in Frameworks */ = {isa = PBXBuildFile; fileRef = 178F59A621A9DD36008354D1 /* FBSDKShareKit.framework */; };
		17E1348621A7F999003AD715 /* EventDetailVM.swift in Sources */ = {isa = PBXBuildFile; fileRef = 17E1348521A7F999003AD715 /* EventDetailVM.swift */; };
		17E1348821A87132003AD715 /* BaseViewC.swift in Sources */ = {isa = PBXBuildFile; fileRef = 17E1348721A87132003AD715 /* BaseViewC.swift */; };
		17F80E6421A576E9003BBC80 /* EventDetailViewC.swift in Sources */ = {isa = PBXBuildFile; fileRef = 17F80E6321A576E9003BBC80 /* EventDetailViewC.swift */; };
		17F80E6721A5770F003BBC80 /* CellEventDetail.swift in Sources */ = {isa = PBXBuildFile; fileRef = 17F80E6521A5770F003BBC80 /* CellEventDetail.swift */; };
		17F80E6821A5770F003BBC80 /* CellEventDetail.xib in Resources */ = {isa = PBXBuildFile; fileRef = 17F80E6621A5770F003BBC80 /* CellEventDetail.xib */; };
		17F80E6E21A58218003BBC80 /* EventImageView.swift in Sources */ = {isa = PBXBuildFile; fileRef = 17F80E6D21A58218003BBC80 /* EventImageView.swift */; };
		17F80E7021A58225003BBC80 /* EventImageView.xib in Resources */ = {isa = PBXBuildFile; fileRef = 17F80E6F21A58225003BBC80 /* EventImageView.xib */; };
		17F80E7321A58D8D003BBC80 /* BlogCategoryViewC.swift in Sources */ = {isa = PBXBuildFile; fileRef = 17F80E7221A58D8D003BBC80 /* BlogCategoryViewC.swift */; };
		17F80E7721A58E5D003BBC80 /* BlogCategoryCell.swift in Sources */ = {isa = PBXBuildFile; fileRef = 17F80E7521A58E5D003BBC80 /* BlogCategoryCell.swift */; };
		17F80E7821A58E5D003BBC80 /* BlogCategoryCell.xib in Resources */ = {isa = PBXBuildFile; fileRef = 17F80E7621A58E5D003BBC80 /* BlogCategoryCell.xib */; };
		17FC9A0321A56A0F007DB7E1 /* SearchEventViewC.swift in Sources */ = {isa = PBXBuildFile; fileRef = 17FC9A0221A56A0F007DB7E1 /* SearchEventViewC.swift */; };
		36CD617E268B64F0D5D7565B /* Pods_Carrier_UTC.framework in Frameworks */ = {isa = PBXBuildFile; fileRef = 604636679BE54A1769E1EB88 /* Pods_Carrier_UTC.framework */; };
		9A35315821A687A20065CD49 /* AirQualityModele.swift in Sources */ = {isa = PBXBuildFile; fileRef = 9A35315721A687A20065CD49 /* AirQualityModele.swift */; };
		9A52809321AD082C005603F6 /* RegisterVM.swift in Sources */ = {isa = PBXBuildFile; fileRef = 9A52808621AD082C005603F6 /* RegisterVM.swift */; };
		9A52809421AD082C005603F6 /* RegisterViewC.swift in Sources */ = {isa = PBXBuildFile; fileRef = 9A52808721AD082C005603F6 /* RegisterViewC.swift */; };
		9A52809521AD082C005603F6 /* RegisterModel.swift in Sources */ = {isa = PBXBuildFile; fileRef = 9A52808921AD082C005603F6 /* RegisterModel.swift */; };
		9A52809621AD082C005603F6 /* RegisterFooterView.swift in Sources */ = {isa = PBXBuildFile; fileRef = 9A52808B21AD082C005603F6 /* RegisterFooterView.swift */; };
		9A52809721AD082C005603F6 /* RegisterFooterView.xib in Resources */ = {isa = PBXBuildFile; fileRef = 9A52808C21AD082C005603F6 /* RegisterFooterView.xib */; };
		9A52809821AD082C005603F6 /* CellRegisterFields.xib in Resources */ = {isa = PBXBuildFile; fileRef = 9A52808D21AD082C005603F6 /* CellRegisterFields.xib */; };
		9A52809921AD082C005603F6 /* CellRegisterFields.swift in Sources */ = {isa = PBXBuildFile; fileRef = 9A52808E21AD082C005603F6 /* CellRegisterFields.swift */; };
		9A52809A21AD082C005603F6 /* RegisterHeaderView.swift in Sources */ = {isa = PBXBuildFile; fileRef = 9A52808F21AD082C005603F6 /* RegisterHeaderView.swift */; };
		9A52809B21AD082C005603F6 /* CellSubmit.xib in Resources */ = {isa = PBXBuildFile; fileRef = 9A52809021AD082C005603F6 /* CellSubmit.xib */; };
		9A52809C21AD082C005603F6 /* CellSubmit.swift in Sources */ = {isa = PBXBuildFile; fileRef = 9A52809121AD082C005603F6 /* CellSubmit.swift */; };
		9A52809D21AD082C005603F6 /* RegisterHeaderView.xib in Resources */ = {isa = PBXBuildFile; fileRef = 9A52809221AD082C005603F6 /* RegisterHeaderView.xib */; };
		9A58C1A821A55DB700A07CB7 /* HomeViewController.swift in Sources */ = {isa = PBXBuildFile; fileRef = 9A58C1A721A55DB700A07CB7 /* HomeViewController.swift */; };
		9A58C1AA21A5701800A07CB7 /* gurugram.gpx in Resources */ = {isa = PBXBuildFile; fileRef = 9A58C1A921A5701800A07CB7 /* gurugram.gpx */; };
		9A58C1AC21A580E800A07CB7 /* AirQualityDetailController.swift in Sources */ = {isa = PBXBuildFile; fileRef = 9A58C1AB21A580E800A07CB7 /* AirQualityDetailController.swift */; };
		9A58C1B021A581AC00A07CB7 /* AirQualityCell.swift in Sources */ = {isa = PBXBuildFile; fileRef = 9A58C1AE21A581AC00A07CB7 /* AirQualityCell.swift */; };
		9A58C1B121A581AC00A07CB7 /* AirQualityCell.xib in Resources */ = {isa = PBXBuildFile; fileRef = 9A58C1AF21A581AC00A07CB7 /* AirQualityCell.xib */; };
		9A58C1B521A589C900A07CB7 /* ReachabilityHelper.swift in Sources */ = {isa = PBXBuildFile; fileRef = 9A58C1B321A589C900A07CB7 /* ReachabilityHelper.swift */; };
		9A58C1B621A589C900A07CB7 /* NetworkManager.swift in Sources */ = {isa = PBXBuildFile; fileRef = 9A58C1B421A589C900A07CB7 /* NetworkManager.swift */; };
		9A58C1B821A58B0500A07CB7 /* SDWebImage.framework in Frameworks */ = {isa = PBXBuildFile; fileRef = 9A58C1B721A58B0500A07CB7 /* SDWebImage.framework */; };
		9A920A0021AC0BFE0067CD0E /* HealthPrecaution.swift in Sources */ = {isa = PBXBuildFile; fileRef = 9A9209FF21AC0BFE0067CD0E /* HealthPrecaution.swift */; };
		9A920A0221AC0CEF0067CD0E /* PMTypeModele.swift in Sources */ = {isa = PBXBuildFile; fileRef = 9A920A0121AC0CEF0067CD0E /* PMTypeModele.swift */; };
		9A920A0421AC0E1A0067CD0E /* HomeModele.swift in Sources */ = {isa = PBXBuildFile; fileRef = 9A920A0321AC0E1A0067CD0E /* HomeModele.swift */; };
		9A920A0621AC104B0067CD0E /* HomeViewModele.swift in Sources */ = {isa = PBXBuildFile; fileRef = 9A920A0521AC104B0067CD0E /* HomeViewModele.swift */; };
		9AC49F5521A68E3500047D7F /* AirQualityModeleView.swift in Sources */ = {isa = PBXBuildFile; fileRef = 9AC49F5421A68E3500047D7F /* AirQualityModeleView.swift */; };
		9AC49F5721A6CAC300047D7F /* GoogleService-Info.plist in Resources */ = {isa = PBXBuildFile; fileRef = 9AC49F5621A6CAC300047D7F /* GoogleService-Info.plist */; };
/* End PBXBuildFile section */

/* Begin PBXContainerItemProxy section */
		1786403D21A531D7006ED91B /* PBXContainerItemProxy */ = {
			isa = PBXContainerItemProxy;
			containerPortal = 1786402021A531D6006ED91B /* Project object */;
			proxyType = 1;
			remoteGlobalIDString = 1786402721A531D6006ED91B;
			remoteInfo = "Carrier UTC";
		};
		1786404821A531D7006ED91B /* PBXContainerItemProxy */ = {
			isa = PBXContainerItemProxy;
			containerPortal = 1786402021A531D6006ED91B /* Project object */;
			proxyType = 1;
			remoteGlobalIDString = 1786402721A531D6006ED91B;
			remoteInfo = "Carrier UTC";
		};
/* End PBXContainerItemProxy section */

/* Begin PBXFileReference section */
		088C9EC04B5131CEF9DBDBC1 /* Pods-Carrier UTC.debug.xcconfig */ = {isa = PBXFileReference; includeInIndex = 1; lastKnownFileType = text.xcconfig; name = "Pods-Carrier UTC.debug.xcconfig"; path = "Pods/Target Support Files/Pods-Carrier UTC/Pods-Carrier UTC.debug.xcconfig"; sourceTree = "<group>"; };
		175EA05421A6BD7600E17849 /* EventModel.swift */ = {isa = PBXFileReference; lastKnownFileType = sourcecode.swift; name = EventModel.swift; path = "Carrier UTC/Module/Event/Model/EventModel.swift"; sourceTree = SOURCE_ROOT; };
		175EA05621A6BFB900E17849 /* EventListVM.swift */ = {isa = PBXFileReference; lastKnownFileType = sourcecode.swift; path = EventListVM.swift; sourceTree = "<group>"; };
		175EA05A21A6CF2700E17849 /* SearchEventVM.swift */ = {isa = PBXFileReference; lastKnownFileType = sourcecode.swift; path = SearchEventVM.swift; sourceTree = "<group>"; };
		1786402821A531D6006ED91B /* Carrier UTC.app */ = {isa = PBXFileReference; explicitFileType = wrapper.application; includeInIndex = 0; path = "Carrier UTC.app"; sourceTree = BUILT_PRODUCTS_DIR; };
		1786402B21A531D6006ED91B /* AppDelegate.swift */ = {isa = PBXFileReference; lastKnownFileType = sourcecode.swift; path = AppDelegate.swift; sourceTree = "<group>"; };
		1786403021A531D6006ED91B /* Base */ = {isa = PBXFileReference; lastKnownFileType = file.storyboard; name = Base; path = Base.lproj/Main.storyboard; sourceTree = "<group>"; };
		1786403221A531D6006ED91B /* Assets.xcassets */ = {isa = PBXFileReference; lastKnownFileType = folder.assetcatalog; path = Assets.xcassets; sourceTree = "<group>"; };
		1786403521A531D6006ED91B /* Base */ = {isa = PBXFileReference; lastKnownFileType = file.storyboard; name = Base; path = Base.lproj/LaunchScreen.storyboard; sourceTree = "<group>"; };
		1786403721A531D6006ED91B /* Info.plist */ = {isa = PBXFileReference; lastKnownFileType = text.plist.xml; path = Info.plist; sourceTree = "<group>"; };
		1786403C21A531D7006ED91B /* Carrier UTCTests.xctest */ = {isa = PBXFileReference; explicitFileType = wrapper.cfbundle; includeInIndex = 0; path = "Carrier UTCTests.xctest"; sourceTree = BUILT_PRODUCTS_DIR; };
		1786404021A531D7006ED91B /* Carrier_UTCTests.swift */ = {isa = PBXFileReference; lastKnownFileType = sourcecode.swift; path = Carrier_UTCTests.swift; sourceTree = "<group>"; };
		1786404221A531D7006ED91B /* Info.plist */ = {isa = PBXFileReference; lastKnownFileType = text.plist.xml; path = Info.plist; sourceTree = "<group>"; };
		1786404721A531D7006ED91B /* Carrier UTCUITests.xctest */ = {isa = PBXFileReference; explicitFileType = wrapper.cfbundle; includeInIndex = 0; path = "Carrier UTCUITests.xctest"; sourceTree = BUILT_PRODUCTS_DIR; };
		1786404B21A531D7006ED91B /* Carrier_UTCUITests.swift */ = {isa = PBXFileReference; lastKnownFileType = sourcecode.swift; path = Carrier_UTCUITests.swift; sourceTree = "<group>"; };
		1786404D21A531D7006ED91B /* Info.plist */ = {isa = PBXFileReference; lastKnownFileType = text.plist.xml; path = Info.plist; sourceTree = "<group>"; };
		1786405E21A5335B006ED91B /* Constant.swift */ = {isa = PBXFileReference; fileEncoding = 4; lastKnownFileType = sourcecode.swift; path = Constant.swift; sourceTree = "<group>"; };
		1786405F21A5335B006ED91B /* ConstantTexts.swift */ = {isa = PBXFileReference; fileEncoding = 4; lastKnownFileType = sourcecode.swift; path = ConstantTexts.swift; sourceTree = "<group>"; };
		1786406021A5335B006ED91B /* Helper.swift */ = {isa = PBXFileReference; fileEncoding = 4; lastKnownFileType = sourcecode.swift; path = Helper.swift; sourceTree = "<group>"; };
		1786406421A53380006ED91B /* UIButtonAddition.swift */ = {isa = PBXFileReference; fileEncoding = 4; lastKnownFileType = sourcecode.swift; path = UIButtonAddition.swift; sourceTree = "<group>"; };
		1786406521A53380006ED91B /* UIImageViewUtility.swift */ = {isa = PBXFileReference; fileEncoding = 4; lastKnownFileType = sourcecode.swift; path = UIImageViewUtility.swift; sourceTree = "<group>"; };
		1786406621A53380006ED91B /* UITextFieldAddition.swift */ = {isa = PBXFileReference; fileEncoding = 4; lastKnownFileType = sourcecode.swift; path = UITextFieldAddition.swift; sourceTree = "<group>"; };
		1786406721A53380006ED91B /* UIColorAddition.swift */ = {isa = PBXFileReference; fileEncoding = 4; lastKnownFileType = sourcecode.swift; path = UIColorAddition.swift; sourceTree = "<group>"; };
		1786406821A53380006ED91B /* UIImage+Orientation.swift */ = {isa = PBXFileReference; fileEncoding = 4; lastKnownFileType = sourcecode.swift; path = "UIImage+Orientation.swift"; sourceTree = "<group>"; };
		1786406921A53380006ED91B /* UITableViewAddition.swift */ = {isa = PBXFileReference; fileEncoding = 4; lastKnownFileType = sourcecode.swift; path = UITableViewAddition.swift; sourceTree = "<group>"; };
		1786406A21A53381006ED91B /* UIFontAddition.swift */ = {isa = PBXFileReference; fileEncoding = 4; lastKnownFileType = sourcecode.swift; path = UIFontAddition.swift; sourceTree = "<group>"; };
		1786406B21A53381006ED91B /* UIViewAddition.swift */ = {isa = PBXFileReference; fileEncoding = 4; lastKnownFileType = sourcecode.swift; path = UIViewAddition.swift; sourceTree = "<group>"; };
		1786406C21A53381006ED91B /* DateUtility.swift */ = {isa = PBXFileReference; fileEncoding = 4; lastKnownFileType = sourcecode.swift; path = DateUtility.swift; sourceTree = "<group>"; };
		1786407621A533EA006ED91B /* Alert.swift */ = {isa = PBXFileReference; fileEncoding = 4; lastKnownFileType = sourcecode.swift; path = Alert.swift; sourceTree = "<group>"; };
		1786407821A534AC006ED91B /* Enumeration.swift */ = {isa = PBXFileReference; lastKnownFileType = sourcecode.swift; path = Enumeration.swift; sourceTree = "<group>"; };
		1786408521A541A6006ED91B /* Event.storyboard */ = {isa = PBXFileReference; lastKnownFileType = file.storyboard; path = Event.storyboard; sourceTree = "<group>"; };
		1786408921A542DC006ED91B /* EventListViewC.swift */ = {isa = PBXFileReference; lastKnownFileType = sourcecode.swift; path = EventListViewC.swift; sourceTree = "<group>"; };
		1786408C21A5569B006ED91B /* CellEvent.swift */ = {isa = PBXFileReference; lastKnownFileType = sourcecode.swift; path = CellEvent.swift; sourceTree = "<group>"; };
		1786408D21A5569B006ED91B /* CellEvent.xib */ = {isa = PBXFileReference; lastKnownFileType = file.xib; path = CellEvent.xib; sourceTree = "<group>"; };
		178F59A621A9DD36008354D1 /* FBSDKShareKit.framework */ = {isa = PBXFileReference; explicitFileType = wrapper.framework; path = FBSDKShareKit.framework; sourceTree = BUILT_PRODUCTS_DIR; };
		17E1348521A7F999003AD715 /* EventDetailVM.swift */ = {isa = PBXFileReference; lastKnownFileType = sourcecode.swift; path = EventDetailVM.swift; sourceTree = "<group>"; };
		17E1348721A87132003AD715 /* BaseViewC.swift */ = {isa = PBXFileReference; lastKnownFileType = sourcecode.swift; path = BaseViewC.swift; sourceTree = "<group>"; };
		17F80E6321A576E9003BBC80 /* EventDetailViewC.swift */ = {isa = PBXFileReference; lastKnownFileType = sourcecode.swift; path = EventDetailViewC.swift; sourceTree = "<group>"; };
		17F80E6521A5770F003BBC80 /* CellEventDetail.swift */ = {isa = PBXFileReference; lastKnownFileType = sourcecode.swift; path = CellEventDetail.swift; sourceTree = "<group>"; };
		17F80E6621A5770F003BBC80 /* CellEventDetail.xib */ = {isa = PBXFileReference; lastKnownFileType = file.xib; path = CellEventDetail.xib; sourceTree = "<group>"; };
		17F80E6D21A58218003BBC80 /* EventImageView.swift */ = {isa = PBXFileReference; lastKnownFileType = sourcecode.swift; path = EventImageView.swift; sourceTree = "<group>"; };
		17F80E6F21A58225003BBC80 /* EventImageView.xib */ = {isa = PBXFileReference; lastKnownFileType = file.xib; path = EventImageView.xib; sourceTree = "<group>"; };
		17F80E7221A58D8D003BBC80 /* BlogCategoryViewC.swift */ = {isa = PBXFileReference; lastKnownFileType = sourcecode.swift; path = BlogCategoryViewC.swift; sourceTree = "<group>"; };
		17F80E7521A58E5D003BBC80 /* BlogCategoryCell.swift */ = {isa = PBXFileReference; lastKnownFileType = sourcecode.swift; path = BlogCategoryCell.swift; sourceTree = "<group>"; };
		17F80E7621A58E5D003BBC80 /* BlogCategoryCell.xib */ = {isa = PBXFileReference; lastKnownFileType = file.xib; path = BlogCategoryCell.xib; sourceTree = "<group>"; };
		17FC9A0221A56A0F007DB7E1 /* SearchEventViewC.swift */ = {isa = PBXFileReference; lastKnownFileType = sourcecode.swift; path = SearchEventViewC.swift; sourceTree = "<group>"; };
		2550596F560512BE1E82FE15 /* Pods_Carrier_UTCUITests.framework */ = {isa = PBXFileReference; explicitFileType = wrapper.framework; includeInIndex = 0; path = Pods_Carrier_UTCUITests.framework; sourceTree = BUILT_PRODUCTS_DIR; };
		604636679BE54A1769E1EB88 /* Pods_Carrier_UTC.framework */ = {isa = PBXFileReference; explicitFileType = wrapper.framework; includeInIndex = 0; path = Pods_Carrier_UTC.framework; sourceTree = BUILT_PRODUCTS_DIR; };
		9A35315721A687A20065CD49 /* AirQualityModele.swift */ = {isa = PBXFileReference; lastKnownFileType = sourcecode.swift; path = AirQualityModele.swift; sourceTree = "<group>"; };
		9A52808621AD082C005603F6 /* RegisterVM.swift */ = {isa = PBXFileReference; fileEncoding = 4; lastKnownFileType = sourcecode.swift; path = RegisterVM.swift; sourceTree = "<group>"; };
		9A52808721AD082C005603F6 /* RegisterViewC.swift */ = {isa = PBXFileReference; fileEncoding = 4; lastKnownFileType = sourcecode.swift; path = RegisterViewC.swift; sourceTree = "<group>"; };
		9A52808921AD082C005603F6 /* RegisterModel.swift */ = {isa = PBXFileReference; fileEncoding = 4; lastKnownFileType = sourcecode.swift; path = RegisterModel.swift; sourceTree = "<group>"; };
		9A52808B21AD082C005603F6 /* RegisterFooterView.swift */ = {isa = PBXFileReference; fileEncoding = 4; lastKnownFileType = sourcecode.swift; path = RegisterFooterView.swift; sourceTree = "<group>"; };
		9A52808C21AD082C005603F6 /* RegisterFooterView.xib */ = {isa = PBXFileReference; fileEncoding = 4; lastKnownFileType = file.xib; path = RegisterFooterView.xib; sourceTree = "<group>"; };
		9A52808D21AD082C005603F6 /* CellRegisterFields.xib */ = {isa = PBXFileReference; fileEncoding = 4; lastKnownFileType = file.xib; path = CellRegisterFields.xib; sourceTree = "<group>"; };
		9A52808E21AD082C005603F6 /* CellRegisterFields.swift */ = {isa = PBXFileReference; fileEncoding = 4; lastKnownFileType = sourcecode.swift; path = CellRegisterFields.swift; sourceTree = "<group>"; };
		9A52808F21AD082C005603F6 /* RegisterHeaderView.swift */ = {isa = PBXFileReference; fileEncoding = 4; lastKnownFileType = sourcecode.swift; path = RegisterHeaderView.swift; sourceTree = "<group>"; };
		9A52809021AD082C005603F6 /* CellSubmit.xib */ = {isa = PBXFileReference; fileEncoding = 4; lastKnownFileType = file.xib; path = CellSubmit.xib; sourceTree = "<group>"; };
		9A52809121AD082C005603F6 /* CellSubmit.swift */ = {isa = PBXFileReference; fileEncoding = 4; lastKnownFileType = sourcecode.swift; path = CellSubmit.swift; sourceTree = "<group>"; };
		9A52809221AD082C005603F6 /* RegisterHeaderView.xib */ = {isa = PBXFileReference; fileEncoding = 4; lastKnownFileType = file.xib; path = RegisterHeaderView.xib; sourceTree = "<group>"; };
		9A58C1A721A55DB700A07CB7 /* HomeViewController.swift */ = {isa = PBXFileReference; lastKnownFileType = sourcecode.swift; path = HomeViewController.swift; sourceTree = "<group>"; };
		9A58C1A921A5701800A07CB7 /* gurugram.gpx */ = {isa = PBXFileReference; fileEncoding = 4; lastKnownFileType = text.xml; path = gurugram.gpx; sourceTree = "<group>"; };
		9A58C1AB21A580E800A07CB7 /* AirQualityDetailController.swift */ = {isa = PBXFileReference; lastKnownFileType = sourcecode.swift; path = AirQualityDetailController.swift; sourceTree = "<group>"; };
		9A58C1AE21A581AC00A07CB7 /* AirQualityCell.swift */ = {isa = PBXFileReference; lastKnownFileType = sourcecode.swift; path = AirQualityCell.swift; sourceTree = "<group>"; };
		9A58C1AF21A581AC00A07CB7 /* AirQualityCell.xib */ = {isa = PBXFileReference; lastKnownFileType = file.xib; path = AirQualityCell.xib; sourceTree = "<group>"; };
		9A58C1B321A589C900A07CB7 /* ReachabilityHelper.swift */ = {isa = PBXFileReference; fileEncoding = 4; lastKnownFileType = sourcecode.swift; name = ReachabilityHelper.swift; path = "Carrier UTC/Connection Manager/ReachabilityHelper.swift"; sourceTree = SOURCE_ROOT; };
		9A58C1B421A589C900A07CB7 /* NetworkManager.swift */ = {isa = PBXFileReference; fileEncoding = 4; lastKnownFileType = sourcecode.swift; name = NetworkManager.swift; path = "Carrier UTC/Connection Manager/NetworkManager.swift"; sourceTree = SOURCE_ROOT; };
		9A58C1B721A58B0500A07CB7 /* SDWebImage.framework */ = {isa = PBXFileReference; explicitFileType = wrapper.framework; path = SDWebImage.framework; sourceTree = BUILT_PRODUCTS_DIR; };
		9A58C1B921A58B0500A07CB7 /* SVProgressHUD.framework */ = {isa = PBXFileReference; explicitFileType = wrapper.framework; path = SVProgressHUD.framework; sourceTree = BUILT_PRODUCTS_DIR; };
		9A58C1BB21A58C4E00A07CB7 /* SKActivityIndicatorView.framework */ = {isa = PBXFileReference; explicitFileType = wrapper.framework; path = SKActivityIndicatorView.framework; sourceTree = BUILT_PRODUCTS_DIR; };
		9A7F1E9021A865BF00A34AD0 /* Carrier UTC.entitlements */ = {isa = PBXFileReference; lastKnownFileType = text.plist.entitlements; path = "Carrier UTC.entitlements"; sourceTree = "<group>"; };
		9A9209FF21AC0BFE0067CD0E /* HealthPrecaution.swift */ = {isa = PBXFileReference; lastKnownFileType = sourcecode.swift; path = HealthPrecaution.swift; sourceTree = "<group>"; };
		9A920A0121AC0CEF0067CD0E /* PMTypeModele.swift */ = {isa = PBXFileReference; lastKnownFileType = sourcecode.swift; path = PMTypeModele.swift; sourceTree = "<group>"; };
		9A920A0321AC0E1A0067CD0E /* HomeModele.swift */ = {isa = PBXFileReference; lastKnownFileType = sourcecode.swift; path = HomeModele.swift; sourceTree = "<group>"; };
		9A920A0521AC104B0067CD0E /* HomeViewModele.swift */ = {isa = PBXFileReference; lastKnownFileType = sourcecode.swift; path = HomeViewModele.swift; sourceTree = "<group>"; };
		9AC49F5421A68E3500047D7F /* AirQualityModeleView.swift */ = {isa = PBXFileReference; lastKnownFileType = sourcecode.swift; path = AirQualityModeleView.swift; sourceTree = "<group>"; };
		9AC49F5621A6CAC300047D7F /* GoogleService-Info.plist */ = {isa = PBXFileReference; fileEncoding = 4; lastKnownFileType = text.plist.xml; path = "GoogleService-Info.plist"; sourceTree = "<group>"; };
		B179E16F23A5704EF94170D3 /* Pods_Carrier_UTCTests.framework */ = {isa = PBXFileReference; explicitFileType = wrapper.framework; includeInIndex = 0; path = Pods_Carrier_UTCTests.framework; sourceTree = BUILT_PRODUCTS_DIR; };
		E17ACDA14855DCF8DFFE1DBA /* Pods-Carrier UTC.release.xcconfig */ = {isa = PBXFileReference; includeInIndex = 1; lastKnownFileType = text.xcconfig; name = "Pods-Carrier UTC.release.xcconfig"; path = "Pods/Target Support Files/Pods-Carrier UTC/Pods-Carrier UTC.release.xcconfig"; sourceTree = "<group>"; };
/* End PBXFileReference section */

/* Begin PBXFrameworksBuildPhase section */
		1786402521A531D6006ED91B /* Frameworks */ = {
			isa = PBXFrameworksBuildPhase;
			buildActionMask = 2147483647;
			files = (
				178F59A721A9DD36008354D1 /* FBSDKShareKit.framework in Frameworks */,
				9A58C1B821A58B0500A07CB7 /* SDWebImage.framework in Frameworks */,
				36CD617E268B64F0D5D7565B /* Pods_Carrier_UTC.framework in Frameworks */,
			);
			runOnlyForDeploymentPostprocessing = 0;
		};
		1786403921A531D7006ED91B /* Frameworks */ = {
			isa = PBXFrameworksBuildPhase;
			buildActionMask = 2147483647;
			files = (
			);
			runOnlyForDeploymentPostprocessing = 0;
		};
		1786404421A531D7006ED91B /* Frameworks */ = {
			isa = PBXFrameworksBuildPhase;
			buildActionMask = 2147483647;
			files = (
			);
			runOnlyForDeploymentPostprocessing = 0;
		};
/* End PBXFrameworksBuildPhase section */

/* Begin PBXGroup section */
		175EA05321A6BD4100E17849 /* Model */ = {
			isa = PBXGroup;
			children = (
				175EA05421A6BD7600E17849 /* EventModel.swift */,
			);
			name = Model;
			path = "New Group";
			sourceTree = "<group>";
		};
		175EA05821A6BFBF00E17849 /* EventList */ = {
			isa = PBXGroup;
			children = (
				1786408921A542DC006ED91B /* EventListViewC.swift */,
				175EA05621A6BFB900E17849 /* EventListVM.swift */,
			);
			name = EventList;
			sourceTree = "<group>";
		};
		175EA05921A6CEE400E17849 /* SearchEvent */ = {
			isa = PBXGroup;
			children = (
				17FC9A0221A56A0F007DB7E1 /* SearchEventViewC.swift */,
				175EA05A21A6CF2700E17849 /* SearchEventVM.swift */,
			);
			name = SearchEvent;
			sourceTree = "<group>";
		};
		1786401F21A531D6006ED91B = {
			isa = PBXGroup;
			children = (
				9A58C1A921A5701800A07CB7 /* gurugram.gpx */,
				1786402A21A531D6006ED91B /* Carrier UTC */,
				1786403F21A531D7006ED91B /* Carrier UTCTests */,
				1786404A21A531D7006ED91B /* Carrier UTCUITests */,
				1786402921A531D6006ED91B /* Products */,
				54322EC07A5814272B22FDDC /* Pods */,
				4C5771217ABA754222A9A7F7 /* Frameworks */,
			);
			sourceTree = "<group>";
		};
		1786402921A531D6006ED91B /* Products */ = {
			isa = PBXGroup;
			children = (
				1786402821A531D6006ED91B /* Carrier UTC.app */,
				1786403C21A531D7006ED91B /* Carrier UTCTests.xctest */,
				1786404721A531D7006ED91B /* Carrier UTCUITests.xctest */,
			);
			name = Products;
			sourceTree = "<group>";
		};
		1786402A21A531D6006ED91B /* Carrier UTC */ = {
			isa = PBXGroup;
			children = (
				9A7F1E9021A865BF00A34AD0 /* Carrier UTC.entitlements */,
				9A58C1B221A589AE00A07CB7 /* Connection Manager */,
				1786402B21A531D6006ED91B /* AppDelegate.swift */,
				17E1348721A87132003AD715 /* BaseViewC.swift */,
				1786407F21A5402F006ED91B /* Module */,
				1786405A21A531F7006ED91B /* View */,
				1786405B21A53212006ED91B /* Extension */,
				1786405C21A53220006ED91B /* Helper */,
				1786403221A531D6006ED91B /* Assets.xcassets */,
				1786403721A531D6006ED91B /* Info.plist */,
				9AC49F5621A6CAC300047D7F /* GoogleService-Info.plist */,
			);
			path = "Carrier UTC";
			sourceTree = "<group>";
		};
		1786403F21A531D7006ED91B /* Carrier UTCTests */ = {
			isa = PBXGroup;
			children = (
				1786404021A531D7006ED91B /* Carrier_UTCTests.swift */,
				1786404221A531D7006ED91B /* Info.plist */,
			);
			path = "Carrier UTCTests";
			sourceTree = "<group>";
		};
		1786404A21A531D7006ED91B /* Carrier UTCUITests */ = {
			isa = PBXGroup;
			children = (
				1786404B21A531D7006ED91B /* Carrier_UTCUITests.swift */,
				1786404D21A531D7006ED91B /* Info.plist */,
			);
			path = "Carrier UTCUITests";
			sourceTree = "<group>";
		};
		1786405A21A531F7006ED91B /* View */ = {
			isa = PBXGroup;
			children = (
				1786405D21A5327E006ED91B /* Storyboard */,
			);
			path = View;
			sourceTree = "<group>";
		};
		1786405B21A53212006ED91B /* Extension */ = {
			isa = PBXGroup;
			children = (
				1786406C21A53381006ED91B /* DateUtility.swift */,
				1786406421A53380006ED91B /* UIButtonAddition.swift */,
				1786406721A53380006ED91B /* UIColorAddition.swift */,
				1786406A21A53381006ED91B /* UIFontAddition.swift */,
				1786406821A53380006ED91B /* UIImage+Orientation.swift */,
				1786406521A53380006ED91B /* UIImageViewUtility.swift */,
				1786406921A53380006ED91B /* UITableViewAddition.swift */,
				1786406621A53380006ED91B /* UITextFieldAddition.swift */,
				1786406B21A53381006ED91B /* UIViewAddition.swift */,
			);
			path = Extension;
			sourceTree = "<group>";
		};
		1786405C21A53220006ED91B /* Helper */ = {
			isa = PBXGroup;
			children = (
				1786407621A533EA006ED91B /* Alert.swift */,
				1786405E21A5335B006ED91B /* Constant.swift */,
				1786405F21A5335B006ED91B /* ConstantTexts.swift */,
				1786406021A5335B006ED91B /* Helper.swift */,
				1786407821A534AC006ED91B /* Enumeration.swift */,
			);
			path = Helper;
			sourceTree = "<group>";
		};
		1786405D21A5327E006ED91B /* Storyboard */ = {
			isa = PBXGroup;
			children = (
				1786402F21A531D6006ED91B /* Main.storyboard */,
				1786403421A531D6006ED91B /* LaunchScreen.storyboard */,
				1786408521A541A6006ED91B /* Event.storyboard */,
			);
			path = Storyboard;
			sourceTree = "<group>";
		};
		1786407F21A5402F006ED91B /* Module */ = {
			isa = PBXGroup;
			children = (
				9A52808421AD082C005603F6 /* Register */,
				1786408021A5402F006ED91B /* Home */,
				1786408121A5402F006ED91B /* Tabbar */,
				1786408221A5402F006ED91B /* Blog */,
				1786408321A5402F006ED91B /* Xhale */,
				1786408421A5402F006ED91B /* Event */,
			);
			path = Module;
			sourceTree = "<group>";
		};
		1786408021A5402F006ED91B /* Home */ = {
			isa = PBXGroup;
			children = (
				9A9209FE21AC0BD00067CD0E /* Home Modele */,
				9A58C1AD21A5818700A07CB7 /* Cell */,
				9AE32C5721A5535E00407428 /* Controller */,
			);
			path = Home;
			sourceTree = "<group>";
		};
		1786408121A5402F006ED91B /* Tabbar */ = {
			isa = PBXGroup;
			children = (
			);
			path = Tabbar;
			sourceTree = "<group>";
		};
		1786408221A5402F006ED91B /* Blog */ = {
			isa = PBXGroup;
			children = (
				17F80E7421A58E3B003BBC80 /* View */,
				17F80E7121A58D6D003BBC80 /* Controllers */,
			);
			path = Blog;
			sourceTree = "<group>";
		};
		1786408321A5402F006ED91B /* Xhale */ = {
			isa = PBXGroup;
			children = (
			);
			path = Xhale;
			sourceTree = "<group>";
		};
		1786408421A5402F006ED91B /* Event */ = {
			isa = PBXGroup;
			children = (
				1786408B21A55670006ED91B /* View */,
				175EA05321A6BD4100E17849 /* Model */,
				1786408821A542C3006ED91B /* Controller */,
			);
			path = Event;
			sourceTree = "<group>";
		};
		1786408821A542C3006ED91B /* Controller */ = {
			isa = PBXGroup;
			children = (
				17E1348421A7F97F003AD715 /* EventDetail */,
				175EA05921A6CEE400E17849 /* SearchEvent */,
				175EA05821A6BFBF00E17849 /* EventList */,
			);
			path = Controller;
			sourceTree = "<group>";
		};
		1786408B21A55670006ED91B /* View */ = {
			isa = PBXGroup;
			children = (
				1786408C21A5569B006ED91B /* CellEvent.swift */,
				1786408D21A5569B006ED91B /* CellEvent.xib */,
				17F80E6521A5770F003BBC80 /* CellEventDetail.swift */,
				17F80E6621A5770F003BBC80 /* CellEventDetail.xib */,
				17F80E6D21A58218003BBC80 /* EventImageView.swift */,
				17F80E6F21A58225003BBC80 /* EventImageView.xib */,
			);
			path = View;
			sourceTree = "<group>";
		};
		17E1348421A7F97F003AD715 /* EventDetail */ = {
			isa = PBXGroup;
			children = (
				17F80E6321A576E9003BBC80 /* EventDetailViewC.swift */,
				17E1348521A7F999003AD715 /* EventDetailVM.swift */,
			);
			name = EventDetail;
			sourceTree = "<group>";
		};
		17F80E7121A58D6D003BBC80 /* Controllers */ = {
			isa = PBXGroup;
			children = (
				17F80E7221A58D8D003BBC80 /* BlogCategoryViewC.swift */,
			);
			path = Controllers;
			sourceTree = "<group>";
		};
		17F80E7421A58E3B003BBC80 /* View */ = {
			isa = PBXGroup;
			children = (
				17F80E7521A58E5D003BBC80 /* BlogCategoryCell.swift */,
				17F80E7621A58E5D003BBC80 /* BlogCategoryCell.xib */,
			);
			path = View;
			sourceTree = "<group>";
		};
		4C5771217ABA754222A9A7F7 /* Frameworks */ = {
			isa = PBXGroup;
			children = (
				178F59A621A9DD36008354D1 /* FBSDKShareKit.framework */,
				9A58C1BB21A58C4E00A07CB7 /* SKActivityIndicatorView.framework */,
				9A58C1B721A58B0500A07CB7 /* SDWebImage.framework */,
				9A58C1B921A58B0500A07CB7 /* SVProgressHUD.framework */,
				604636679BE54A1769E1EB88 /* Pods_Carrier_UTC.framework */,
				B179E16F23A5704EF94170D3 /* Pods_Carrier_UTCTests.framework */,
				2550596F560512BE1E82FE15 /* Pods_Carrier_UTCUITests.framework */,
			);
			name = Frameworks;
			sourceTree = "<group>";
		};
		54322EC07A5814272B22FDDC /* Pods */ = {
			isa = PBXGroup;
			children = (
				088C9EC04B5131CEF9DBDBC1 /* Pods-Carrier UTC.debug.xcconfig */,
				E17ACDA14855DCF8DFFE1DBA /* Pods-Carrier UTC.release.xcconfig */,
			);
			name = Pods;
			sourceTree = "<group>";
		};
		9A52808421AD082C005603F6 /* Register */ = {
			isa = PBXGroup;
			children = (
				9A52808521AD082C005603F6 /* Controller */,
				9A52808821AD082C005603F6 /* Model */,
				9A52808A21AD082C005603F6 /* View */,
			);
			path = Register;
			sourceTree = "<group>";
		};
		9A52808521AD082C005603F6 /* Controller */ = {
			isa = PBXGroup;
			children = (
				9A52808621AD082C005603F6 /* RegisterVM.swift */,
				9A52808721AD082C005603F6 /* RegisterViewC.swift */,
			);
			path = Controller;
			sourceTree = "<group>";
		};
		9A52808821AD082C005603F6 /* Model */ = {
			isa = PBXGroup;
			children = (
				9A52808921AD082C005603F6 /* RegisterModel.swift */,
			);
			path = Model;
			sourceTree = "<group>";
		};
		9A52808A21AD082C005603F6 /* View */ = {
			isa = PBXGroup;
			children = (
				9A52808B21AD082C005603F6 /* RegisterFooterView.swift */,
				9A52808C21AD082C005603F6 /* RegisterFooterView.xib */,
				9A52808D21AD082C005603F6 /* CellRegisterFields.xib */,
				9A52808E21AD082C005603F6 /* CellRegisterFields.swift */,
				9A52808F21AD082C005603F6 /* RegisterHeaderView.swift */,
				9A52809021AD082C005603F6 /* CellSubmit.xib */,
				9A52809121AD082C005603F6 /* CellSubmit.swift */,
				9A52809221AD082C005603F6 /* RegisterHeaderView.xib */,
			);
			path = View;
			sourceTree = "<group>";
		};
		9A58C1AD21A5818700A07CB7 /* Cell */ = {
			isa = PBXGroup;
			children = (
				9A58C1AE21A581AC00A07CB7 /* AirQualityCell.swift */,
				9A58C1AF21A581AC00A07CB7 /* AirQualityCell.xib */,
			);
			path = Cell;
			sourceTree = "<group>";
		};
		9A58C1B221A589AE00A07CB7 /* Connection Manager */ = {
			isa = PBXGroup;
			children = (
				9A58C1B421A589C900A07CB7 /* NetworkManager.swift */,
				9A58C1B321A589C900A07CB7 /* ReachabilityHelper.swift */,
			);
			name = "Connection Manager";
			path = "New Group";
			sourceTree = "<group>";
		};
		9A9209FE21AC0BD00067CD0E /* Home Modele */ = {
			isa = PBXGroup;
			children = (
				9A9209FF21AC0BFE0067CD0E /* HealthPrecaution.swift */,
				9A920A0121AC0CEF0067CD0E /* PMTypeModele.swift */,
				9A920A0321AC0E1A0067CD0E /* HomeModele.swift */,
				9A920A0521AC104B0067CD0E /* HomeViewModele.swift */,
			);
			path = "Home Modele";
			sourceTree = "<group>";
		};
		9AE32C5721A5535E00407428 /* Controller */ = {
			isa = PBXGroup;
			children = (
				9A58C1A721A55DB700A07CB7 /* HomeViewController.swift */,
				9A58C1AB21A580E800A07CB7 /* AirQualityDetailController.swift */,
				9A35315721A687A20065CD49 /* AirQualityModele.swift */,
				9AC49F5421A68E3500047D7F /* AirQualityModeleView.swift */,
			);
			path = Controller;
			sourceTree = "<group>";
		};
/* End PBXGroup section */

/* Begin PBXNativeTarget section */
		1786402721A531D6006ED91B /* Carrier UTC */ = {
			isa = PBXNativeTarget;
			buildConfigurationList = 1786405021A531D7006ED91B /* Build configuration list for PBXNativeTarget "Carrier UTC" */;
			buildPhases = (
				5C4CDBA2C57B12C0A89BEE05 /* [CP] Check Pods Manifest.lock */,
				1786402421A531D6006ED91B /* Sources */,
				1786402521A531D6006ED91B /* Frameworks */,
				1786402621A531D6006ED91B /* Resources */,
				294F3F10C5065853CF0FE2A6 /* [CP] Embed Pods Frameworks */,
			);
			buildRules = (
			);
			dependencies = (
			);
			name = "Carrier UTC";
			productName = "Carrier UTC";
			productReference = 1786402821A531D6006ED91B /* Carrier UTC.app */;
			productType = "com.apple.product-type.application";
		};
		1786403B21A531D7006ED91B /* Carrier UTCTests */ = {
			isa = PBXNativeTarget;
			buildConfigurationList = 1786405321A531D7006ED91B /* Build configuration list for PBXNativeTarget "Carrier UTCTests" */;
			buildPhases = (
				1786403821A531D7006ED91B /* Sources */,
				1786403921A531D7006ED91B /* Frameworks */,
				1786403A21A531D7006ED91B /* Resources */,
			);
			buildRules = (
			);
			dependencies = (
				1786403E21A531D7006ED91B /* PBXTargetDependency */,
			);
			name = "Carrier UTCTests";
			productName = "Carrier UTCTests";
			productReference = 1786403C21A531D7006ED91B /* Carrier UTCTests.xctest */;
			productType = "com.apple.product-type.bundle.unit-test";
		};
		1786404621A531D7006ED91B /* Carrier UTCUITests */ = {
			isa = PBXNativeTarget;
			buildConfigurationList = 1786405621A531D7006ED91B /* Build configuration list for PBXNativeTarget "Carrier UTCUITests" */;
			buildPhases = (
				1786404321A531D7006ED91B /* Sources */,
				1786404421A531D7006ED91B /* Frameworks */,
				1786404521A531D7006ED91B /* Resources */,
			);
			buildRules = (
			);
			dependencies = (
				1786404921A531D7006ED91B /* PBXTargetDependency */,
			);
			name = "Carrier UTCUITests";
			productName = "Carrier UTCUITests";
			productReference = 1786404721A531D7006ED91B /* Carrier UTCUITests.xctest */;
			productType = "com.apple.product-type.bundle.ui-testing";
		};
/* End PBXNativeTarget section */

/* Begin PBXProject section */
		1786402021A531D6006ED91B /* Project object */ = {
			isa = PBXProject;
			attributes = {
				LastSwiftUpdateCheck = 1010;
				LastUpgradeCheck = 1010;
				ORGANIZATIONNAME = Indigo;
				TargetAttributes = {
					1786402721A531D6006ED91B = {
						CreatedOnToolsVersion = 10.1;
						SystemCapabilities = {
							com.apple.BackgroundModes = {
								enabled = 1;
							};
							com.apple.Push = {
								enabled = 1;
							};
						};
					};
					1786403B21A531D7006ED91B = {
						CreatedOnToolsVersion = 10.1;
						TestTargetID = 1786402721A531D6006ED91B;
					};
					1786404621A531D7006ED91B = {
						CreatedOnToolsVersion = 10.1;
						TestTargetID = 1786402721A531D6006ED91B;
					};
				};
			};
			buildConfigurationList = 1786402321A531D6006ED91B /* Build configuration list for PBXProject "Carrier UTC" */;
			compatibilityVersion = "Xcode 9.3";
			developmentRegion = en;
			hasScannedForEncodings = 0;
			knownRegions = (
				en,
				Base,
			);
			mainGroup = 1786401F21A531D6006ED91B;
			productRefGroup = 1786402921A531D6006ED91B /* Products */;
			projectDirPath = "";
			projectRoot = "";
			targets = (
				1786402721A531D6006ED91B /* Carrier UTC */,
				1786403B21A531D7006ED91B /* Carrier UTCTests */,
				1786404621A531D7006ED91B /* Carrier UTCUITests */,
			);
		};
/* End PBXProject section */

/* Begin PBXResourcesBuildPhase section */
		1786402621A531D6006ED91B /* Resources */ = {
			isa = PBXResourcesBuildPhase;
			buildActionMask = 2147483647;
			files = (
				9A58C1B121A581AC00A07CB7 /* AirQualityCell.xib in Resources */,
				1786408F21A5569B006ED91B /* CellEvent.xib in Resources */,
				17F80E6821A5770F003BBC80 /* CellEventDetail.xib in Resources */,
				1786403621A531D6006ED91B /* LaunchScreen.storyboard in Resources */,
				9A58C1AA21A5701800A07CB7 /* gurugram.gpx in Resources */,
				9A52809B21AD082C005603F6 /* CellSubmit.xib in Resources */,
				1786408621A541A6006ED91B /* Event.storyboard in Resources */,
				1786403321A531D6006ED91B /* Assets.xcassets in Resources */,
				1786403121A531D6006ED91B /* Main.storyboard in Resources */,
				9AC49F5721A6CAC300047D7F /* GoogleService-Info.plist in Resources */,
				17F80E7021A58225003BBC80 /* EventImageView.xib in Resources */,
				9A52809821AD082C005603F6 /* CellRegisterFields.xib in Resources */,
				9A52809721AD082C005603F6 /* RegisterFooterView.xib in Resources */,
				17F80E7821A58E5D003BBC80 /* BlogCategoryCell.xib in Resources */,
				9A52809D21AD082C005603F6 /* RegisterHeaderView.xib in Resources */,
			);
			runOnlyForDeploymentPostprocessing = 0;
		};
		1786403A21A531D7006ED91B /* Resources */ = {
			isa = PBXResourcesBuildPhase;
			buildActionMask = 2147483647;
			files = (
			);
			runOnlyForDeploymentPostprocessing = 0;
		};
		1786404521A531D7006ED91B /* Resources */ = {
			isa = PBXResourcesBuildPhase;
			buildActionMask = 2147483647;
			files = (
			);
			runOnlyForDeploymentPostprocessing = 0;
		};
/* End PBXResourcesBuildPhase section */

/* Begin PBXShellScriptBuildPhase section */
		294F3F10C5065853CF0FE2A6 /* [CP] Embed Pods Frameworks */ = {
			isa = PBXShellScriptBuildPhase;
			buildActionMask = 2147483647;
			files = (
			);
			inputFileListPaths = (
			);
			inputPaths = (
				"${SRCROOT}/Pods/Target Support Files/Pods-Carrier UTC/Pods-Carrier UTC-frameworks.sh",
				"${BUILT_PRODUCTS_DIR}/Bolts/Bolts.framework",
				"${BUILT_PRODUCTS_DIR}/DZNEmptyDataSet/DZNEmptyDataSet.framework",
				"${BUILT_PRODUCTS_DIR}/FBSDKCoreKit/FBSDKCoreKit.framework",
				"${BUILT_PRODUCTS_DIR}/FBSDKShareKit/FBSDKShareKit.framework",
				"${BUILT_PRODUCTS_DIR}/FacebookCore/FacebookCore.framework",
				"${BUILT_PRODUCTS_DIR}/FacebookShare/FacebookShare.framework",
				"${BUILT_PRODUCTS_DIR}/GoogleUtilities/GoogleUtilities.framework",
				"${BUILT_PRODUCTS_DIR}/ObjectMapper/ObjectMapper.framework",
				"${BUILT_PRODUCTS_DIR}/Protobuf/Protobuf.framework",
				"${BUILT_PRODUCTS_DIR}/SDWebImage/SDWebImage.framework",
				"${BUILT_PRODUCTS_DIR}/nanopb/nanopb.framework",
			);
			name = "[CP] Embed Pods Frameworks";
			outputFileListPaths = (
			);
			outputPaths = (
				"${TARGET_BUILD_DIR}/${FRAMEWORKS_FOLDER_PATH}/Bolts.framework",
				"${TARGET_BUILD_DIR}/${FRAMEWORKS_FOLDER_PATH}/DZNEmptyDataSet.framework",
				"${TARGET_BUILD_DIR}/${FRAMEWORKS_FOLDER_PATH}/FBSDKCoreKit.framework",
				"${TARGET_BUILD_DIR}/${FRAMEWORKS_FOLDER_PATH}/FBSDKShareKit.framework",
				"${TARGET_BUILD_DIR}/${FRAMEWORKS_FOLDER_PATH}/FacebookCore.framework",
				"${TARGET_BUILD_DIR}/${FRAMEWORKS_FOLDER_PATH}/FacebookShare.framework",
				"${TARGET_BUILD_DIR}/${FRAMEWORKS_FOLDER_PATH}/GoogleUtilities.framework",
				"${TARGET_BUILD_DIR}/${FRAMEWORKS_FOLDER_PATH}/ObjectMapper.framework",
				"${TARGET_BUILD_DIR}/${FRAMEWORKS_FOLDER_PATH}/Protobuf.framework",
				"${TARGET_BUILD_DIR}/${FRAMEWORKS_FOLDER_PATH}/SDWebImage.framework",
				"${TARGET_BUILD_DIR}/${FRAMEWORKS_FOLDER_PATH}/nanopb.framework",
			);
			runOnlyForDeploymentPostprocessing = 0;
			shellPath = /bin/sh;
			shellScript = "\"${SRCROOT}/Pods/Target Support Files/Pods-Carrier UTC/Pods-Carrier UTC-frameworks.sh\"\n";
			showEnvVarsInLog = 0;
		};
		5C4CDBA2C57B12C0A89BEE05 /* [CP] Check Pods Manifest.lock */ = {
			isa = PBXShellScriptBuildPhase;
			buildActionMask = 2147483647;
			files = (
			);
			inputFileListPaths = (
			);
			inputPaths = (
				"${PODS_PODFILE_DIR_PATH}/Podfile.lock",
				"${PODS_ROOT}/Manifest.lock",
			);
			name = "[CP] Check Pods Manifest.lock";
			outputFileListPaths = (
			);
			outputPaths = (
				"$(DERIVED_FILE_DIR)/Pods-Carrier UTC-checkManifestLockResult.txt",
			);
			runOnlyForDeploymentPostprocessing = 0;
			shellPath = /bin/sh;
			shellScript = "diff \"${PODS_PODFILE_DIR_PATH}/Podfile.lock\" \"${PODS_ROOT}/Manifest.lock\" > /dev/null\nif [ $? != 0 ] ; then\n    # print error to STDERR\n    echo \"error: The sandbox is not in sync with the Podfile.lock. Run 'pod install' or update your CocoaPods installation.\" >&2\n    exit 1\nfi\n# This output is used by Xcode 'outputs' to avoid re-running this script phase.\necho \"SUCCESS\" > \"${SCRIPT_OUTPUT_FILE_0}\"\n";
			showEnvVarsInLog = 0;
		};
/* End PBXShellScriptBuildPhase section */

/* Begin PBXSourcesBuildPhase section */
		1786402421A531D6006ED91B /* Sources */ = {
			isa = PBXSourcesBuildPhase;
			buildActionMask = 2147483647;
			files = (
				17F80E7321A58D8D003BBC80 /* BlogCategoryViewC.swift in Sources */,
				1786407321A53381006ED91B /* UIFontAddition.swift in Sources */,
				1786407221A53381006ED91B /* UITableViewAddition.swift in Sources */,
				9A52809321AD082C005603F6 /* RegisterVM.swift in Sources */,
				1786407421A53381006ED91B /* UIViewAddition.swift in Sources */,
				9A58C1A821A55DB700A07CB7 /* HomeViewController.swift in Sources */,
				9AC49F5521A68E3500047D7F /* AirQualityModeleView.swift in Sources */,
				9A58C1B521A589C900A07CB7 /* ReachabilityHelper.swift in Sources */,
				9A52809521AD082C005603F6 /* RegisterModel.swift in Sources */,
				1786407921A534AC006ED91B /* Enumeration.swift in Sources */,
				9A52809A21AD082C005603F6 /* RegisterHeaderView.swift in Sources */,
				17F80E7721A58E5D003BBC80 /* BlogCategoryCell.swift in Sources */,
				1786407721A533EA006ED91B /* Alert.swift in Sources */,
				9A920A0421AC0E1A0067CD0E /* HomeModele.swift in Sources */,
				17F80E6721A5770F003BBC80 /* CellEventDetail.swift in Sources */,
				17F80E6E21A58218003BBC80 /* EventImageView.swift in Sources */,
				1786406221A5335B006ED91B /* ConstantTexts.swift in Sources */,
				175EA05721A6BFB900E17849 /* EventListVM.swift in Sources */,
				1786407121A53381006ED91B /* UIImage+Orientation.swift in Sources */,
				9A58C1B021A581AC00A07CB7 /* AirQualityCell.swift in Sources */,
				17FC9A0321A56A0F007DB7E1 /* SearchEventViewC.swift in Sources */,
				1786406321A5335B006ED91B /* Helper.swift in Sources */,
				1786407021A53381006ED91B /* UIColorAddition.swift in Sources */,
				1786402C21A531D6006ED91B /* AppDelegate.swift in Sources */,
				1786406E21A53381006ED91B /* UIImageViewUtility.swift in Sources */,
				1786408A21A542DC006ED91B /* EventListViewC.swift in Sources */,
				9A920A0221AC0CEF0067CD0E /* PMTypeModele.swift in Sources */,
				175EA05B21A6CF2700E17849 /* SearchEventVM.swift in Sources */,
				9A52809921AD082C005603F6 /* CellRegisterFields.swift in Sources */,
				1786407521A53381006ED91B /* DateUtility.swift in Sources */,
				9A52809621AD082C005603F6 /* RegisterFooterView.swift in Sources */,
				17E1348621A7F999003AD715 /* EventDetailVM.swift in Sources */,
				17F80E6421A576E9003BBC80 /* EventDetailViewC.swift in Sources */,
				9A52809C21AD082C005603F6 /* CellSubmit.swift in Sources */,
				1786406121A5335B006ED91B /* Constant.swift in Sources */,
				9A35315821A687A20065CD49 /* AirQualityModele.swift in Sources */,
				9A52809421AD082C005603F6 /* RegisterViewC.swift in Sources */,
				9A920A0621AC104B0067CD0E /* HomeViewModele.swift in Sources */,
				17E1348821A87132003AD715 /* BaseViewC.swift in Sources */,
				9A58C1AC21A580E800A07CB7 /* AirQualityDetailController.swift in Sources */,
				1786406D21A53381006ED91B /* UIButtonAddition.swift in Sources */,
				9A58C1B621A589C900A07CB7 /* NetworkManager.swift in Sources */,
				175EA05521A6BD7600E17849 /* EventModel.swift in Sources */,
				9A920A0021AC0BFE0067CD0E /* HealthPrecaution.swift in Sources */,
				1786406F21A53381006ED91B /* UITextFieldAddition.swift in Sources */,
				1786408E21A5569B006ED91B /* CellEvent.swift in Sources */,
			);
			runOnlyForDeploymentPostprocessing = 0;
		};
		1786403821A531D7006ED91B /* Sources */ = {
			isa = PBXSourcesBuildPhase;
			buildActionMask = 2147483647;
			files = (
				1786404121A531D7006ED91B /* Carrier_UTCTests.swift in Sources */,
			);
			runOnlyForDeploymentPostprocessing = 0;
		};
		1786404321A531D7006ED91B /* Sources */ = {
			isa = PBXSourcesBuildPhase;
			buildActionMask = 2147483647;
			files = (
				1786404C21A531D7006ED91B /* Carrier_UTCUITests.swift in Sources */,
			);
			runOnlyForDeploymentPostprocessing = 0;
		};
/* End PBXSourcesBuildPhase section */

/* Begin PBXTargetDependency section */
		1786403E21A531D7006ED91B /* PBXTargetDependency */ = {
			isa = PBXTargetDependency;
			target = 1786402721A531D6006ED91B /* Carrier UTC */;
			targetProxy = 1786403D21A531D7006ED91B /* PBXContainerItemProxy */;
		};
		1786404921A531D7006ED91B /* PBXTargetDependency */ = {
			isa = PBXTargetDependency;
			target = 1786402721A531D6006ED91B /* Carrier UTC */;
			targetProxy = 1786404821A531D7006ED91B /* PBXContainerItemProxy */;
		};
/* End PBXTargetDependency section */

/* Begin PBXVariantGroup section */
		1786402F21A531D6006ED91B /* Main.storyboard */ = {
			isa = PBXVariantGroup;
			children = (
				1786403021A531D6006ED91B /* Base */,
			);
			name = Main.storyboard;
			sourceTree = "<group>";
		};
		1786403421A531D6006ED91B /* LaunchScreen.storyboard */ = {
			isa = PBXVariantGroup;
			children = (
				1786403521A531D6006ED91B /* Base */,
			);
			name = LaunchScreen.storyboard;
			sourceTree = "<group>";
		};
/* End PBXVariantGroup section */

/* Begin XCBuildConfiguration section */
		1786404E21A531D7006ED91B /* Debug */ = {
			isa = XCBuildConfiguration;
			buildSettings = {
				ALWAYS_SEARCH_USER_PATHS = NO;
				CLANG_ANALYZER_NONNULL = YES;
				CLANG_ANALYZER_NUMBER_OBJECT_CONVERSION = YES_AGGRESSIVE;
				CLANG_CXX_LANGUAGE_STANDARD = "gnu++14";
				CLANG_CXX_LIBRARY = "libc++";
				CLANG_ENABLE_MODULES = YES;
				CLANG_ENABLE_OBJC_ARC = YES;
				CLANG_ENABLE_OBJC_WEAK = YES;
				CLANG_WARN_BLOCK_CAPTURE_AUTORELEASING = YES;
				CLANG_WARN_BOOL_CONVERSION = YES;
				CLANG_WARN_COMMA = YES;
				CLANG_WARN_CONSTANT_CONVERSION = YES;
				CLANG_WARN_DEPRECATED_OBJC_IMPLEMENTATIONS = YES;
				CLANG_WARN_DIRECT_OBJC_ISA_USAGE = YES_ERROR;
				CLANG_WARN_DOCUMENTATION_COMMENTS = YES;
				CLANG_WARN_EMPTY_BODY = YES;
				CLANG_WARN_ENUM_CONVERSION = YES;
				CLANG_WARN_INFINITE_RECURSION = YES;
				CLANG_WARN_INT_CONVERSION = YES;
				CLANG_WARN_NON_LITERAL_NULL_CONVERSION = YES;
				CLANG_WARN_OBJC_IMPLICIT_RETAIN_SELF = YES;
				CLANG_WARN_OBJC_LITERAL_CONVERSION = YES;
				CLANG_WARN_OBJC_ROOT_CLASS = YES_ERROR;
				CLANG_WARN_RANGE_LOOP_ANALYSIS = YES;
				CLANG_WARN_STRICT_PROTOTYPES = YES;
				CLANG_WARN_SUSPICIOUS_MOVE = YES;
				CLANG_WARN_UNGUARDED_AVAILABILITY = YES_AGGRESSIVE;
				CLANG_WARN_UNREACHABLE_CODE = YES;
				CLANG_WARN__DUPLICATE_METHOD_MATCH = YES;
				CODE_SIGN_IDENTITY = "iPhone Developer";
				COPY_PHASE_STRIP = NO;
				DEBUG_INFORMATION_FORMAT = dwarf;
				ENABLE_STRICT_OBJC_MSGSEND = YES;
				ENABLE_TESTABILITY = YES;
				GCC_C_LANGUAGE_STANDARD = gnu11;
				GCC_DYNAMIC_NO_PIC = NO;
				GCC_NO_COMMON_BLOCKS = YES;
				GCC_OPTIMIZATION_LEVEL = 0;
				GCC_PREPROCESSOR_DEFINITIONS = (
					"DEBUG=1",
					"$(inherited)",
				);
				GCC_WARN_64_TO_32_BIT_CONVERSION = YES;
				GCC_WARN_ABOUT_RETURN_TYPE = YES_ERROR;
				GCC_WARN_UNDECLARED_SELECTOR = YES;
				GCC_WARN_UNINITIALIZED_AUTOS = YES_AGGRESSIVE;
				GCC_WARN_UNUSED_FUNCTION = YES;
				GCC_WARN_UNUSED_VARIABLE = YES;
				IPHONEOS_DEPLOYMENT_TARGET = 12.1;
				MTL_ENABLE_DEBUG_INFO = INCLUDE_SOURCE;
				MTL_FAST_MATH = YES;
				ONLY_ACTIVE_ARCH = YES;
				SDKROOT = iphoneos;
				SWIFT_ACTIVE_COMPILATION_CONDITIONS = DEBUG;
				SWIFT_OPTIMIZATION_LEVEL = "-Onone";
			};
			name = Debug;
		};
		1786404F21A531D7006ED91B /* Release */ = {
			isa = XCBuildConfiguration;
			buildSettings = {
				ALWAYS_SEARCH_USER_PATHS = NO;
				CLANG_ANALYZER_NONNULL = YES;
				CLANG_ANALYZER_NUMBER_OBJECT_CONVERSION = YES_AGGRESSIVE;
				CLANG_CXX_LANGUAGE_STANDARD = "gnu++14";
				CLANG_CXX_LIBRARY = "libc++";
				CLANG_ENABLE_MODULES = YES;
				CLANG_ENABLE_OBJC_ARC = YES;
				CLANG_ENABLE_OBJC_WEAK = YES;
				CLANG_WARN_BLOCK_CAPTURE_AUTORELEASING = YES;
				CLANG_WARN_BOOL_CONVERSION = YES;
				CLANG_WARN_COMMA = YES;
				CLANG_WARN_CONSTANT_CONVERSION = YES;
				CLANG_WARN_DEPRECATED_OBJC_IMPLEMENTATIONS = YES;
				CLANG_WARN_DIRECT_OBJC_ISA_USAGE = YES_ERROR;
				CLANG_WARN_DOCUMENTATION_COMMENTS = YES;
				CLANG_WARN_EMPTY_BODY = YES;
				CLANG_WARN_ENUM_CONVERSION = YES;
				CLANG_WARN_INFINITE_RECURSION = YES;
				CLANG_WARN_INT_CONVERSION = YES;
				CLANG_WARN_NON_LITERAL_NULL_CONVERSION = YES;
				CLANG_WARN_OBJC_IMPLICIT_RETAIN_SELF = YES;
				CLANG_WARN_OBJC_LITERAL_CONVERSION = YES;
				CLANG_WARN_OBJC_ROOT_CLASS = YES_ERROR;
				CLANG_WARN_RANGE_LOOP_ANALYSIS = YES;
				CLANG_WARN_STRICT_PROTOTYPES = YES;
				CLANG_WARN_SUSPICIOUS_MOVE = YES;
				CLANG_WARN_UNGUARDED_AVAILABILITY = YES_AGGRESSIVE;
				CLANG_WARN_UNREACHABLE_CODE = YES;
				CLANG_WARN__DUPLICATE_METHOD_MATCH = YES;
				CODE_SIGN_IDENTITY = "iPhone Developer";
				COPY_PHASE_STRIP = NO;
				DEBUG_INFORMATION_FORMAT = "dwarf-with-dsym";
				ENABLE_NS_ASSERTIONS = NO;
				ENABLE_STRICT_OBJC_MSGSEND = YES;
				GCC_C_LANGUAGE_STANDARD = gnu11;
				GCC_NO_COMMON_BLOCKS = YES;
				GCC_WARN_64_TO_32_BIT_CONVERSION = YES;
				GCC_WARN_ABOUT_RETURN_TYPE = YES_ERROR;
				GCC_WARN_UNDECLARED_SELECTOR = YES;
				GCC_WARN_UNINITIALIZED_AUTOS = YES_AGGRESSIVE;
				GCC_WARN_UNUSED_FUNCTION = YES;
				GCC_WARN_UNUSED_VARIABLE = YES;
				IPHONEOS_DEPLOYMENT_TARGET = 12.1;
				MTL_ENABLE_DEBUG_INFO = NO;
				MTL_FAST_MATH = YES;
				SDKROOT = iphoneos;
				SWIFT_COMPILATION_MODE = wholemodule;
				SWIFT_OPTIMIZATION_LEVEL = "-O";
				VALIDATE_PRODUCT = YES;
			};
			name = Release;
		};
		1786405121A531D7006ED91B /* Debug */ = {
			isa = XCBuildConfiguration;
			baseConfigurationReference = 088C9EC04B5131CEF9DBDBC1 /* Pods-Carrier UTC.debug.xcconfig */;
			buildSettings = {
				ASSETCATALOG_COMPILER_APPICON_NAME = AppIcon;
				CODE_SIGN_ENTITLEMENTS = "Carrier UTC/Carrier UTC.entitlements";
				CODE_SIGN_IDENTITY = "iPhone Developer";
				CODE_SIGN_STYLE = Manual;
				DEVELOPMENT_TEAM = C6KBTQR7SC;
				INFOPLIST_FILE = "Carrier UTC/Info.plist";
				IPHONEOS_DEPLOYMENT_TARGET = 11.0;
				LD_RUNPATH_SEARCH_PATHS = (
					"$(inherited)",
					"@executable_path/Frameworks",
				);
				PRODUCT_BUNDLE_IDENTIFIER = "com.indigo.Carrier-UTC";
				PRODUCT_NAME = "$(TARGET_NAME)";
				PROVISIONING_PROFILE_SPECIFIER = UTC_Developement;
				SWIFT_VERSION = 4.2;
				TARGETED_DEVICE_FAMILY = "1,2";
			};
			name = Debug;
		};
		1786405221A531D7006ED91B /* Release */ = {
			isa = XCBuildConfiguration;
			baseConfigurationReference = E17ACDA14855DCF8DFFE1DBA /* Pods-Carrier UTC.release.xcconfig */;
			buildSettings = {
				ASSETCATALOG_COMPILER_APPICON_NAME = AppIcon;
				CODE_SIGN_ENTITLEMENTS = "Carrier UTC/Carrier UTC.entitlements";
				CODE_SIGN_IDENTITY = "iPhone Developer";
				CODE_SIGN_STYLE = Manual;
				DEVELOPMENT_TEAM = C6KBTQR7SC;
				INFOPLIST_FILE = "Carrier UTC/Info.plist";
				IPHONEOS_DEPLOYMENT_TARGET = 11.0;
				LD_RUNPATH_SEARCH_PATHS = (
					"$(inherited)",
					"@executable_path/Frameworks",
				);
				PRODUCT_BUNDLE_IDENTIFIER = "com.indigo.Carrier-UTC";
				PRODUCT_NAME = "$(TARGET_NAME)";
				PROVISIONING_PROFILE_SPECIFIER = UTC_Developement;
				SWIFT_VERSION = 4.2;
				TARGETED_DEVICE_FAMILY = "1,2";
			};
			name = Release;
		};
		1786405421A531D7006ED91B /* Debug */ = {
			isa = XCBuildConfiguration;
			buildSettings = {
				ALWAYS_EMBED_SWIFT_STANDARD_LIBRARIES = YES;
				BUNDLE_LOADER = "$(TEST_HOST)";
				CODE_SIGN_STYLE = Automatic;
				INFOPLIST_FILE = "Carrier UTCTests/Info.plist";
				LD_RUNPATH_SEARCH_PATHS = (
					"$(inherited)",
					"@executable_path/Frameworks",
					"@loader_path/Frameworks",
				);
				PRODUCT_BUNDLE_IDENTIFIER = "com.indigo.Carrier-UTCTests";
				PRODUCT_NAME = "$(TARGET_NAME)";
				SWIFT_VERSION = 4.2;
				TARGETED_DEVICE_FAMILY = "1,2";
				TEST_HOST = "$(BUILT_PRODUCTS_DIR)/Carrier UTC.app/Carrier UTC";
			};
			name = Debug;
		};
		1786405521A531D7006ED91B /* Release */ = {
			isa = XCBuildConfiguration;
			buildSettings = {
				ALWAYS_EMBED_SWIFT_STANDARD_LIBRARIES = YES;
				BUNDLE_LOADER = "$(TEST_HOST)";
				CODE_SIGN_STYLE = Automatic;
				INFOPLIST_FILE = "Carrier UTCTests/Info.plist";
				LD_RUNPATH_SEARCH_PATHS = (
					"$(inherited)",
					"@executable_path/Frameworks",
					"@loader_path/Frameworks",
				);
				PRODUCT_BUNDLE_IDENTIFIER = "com.indigo.Carrier-UTCTests";
				PRODUCT_NAME = "$(TARGET_NAME)";
				SWIFT_VERSION = 4.2;
				TARGETED_DEVICE_FAMILY = "1,2";
				TEST_HOST = "$(BUILT_PRODUCTS_DIR)/Carrier UTC.app/Carrier UTC";
			};
			name = Release;
		};
		1786405721A531D7006ED91B /* Debug */ = {
			isa = XCBuildConfiguration;
			buildSettings = {
				ALWAYS_EMBED_SWIFT_STANDARD_LIBRARIES = YES;
				CODE_SIGN_STYLE = Automatic;
				INFOPLIST_FILE = "Carrier UTCUITests/Info.plist";
				LD_RUNPATH_SEARCH_PATHS = (
					"$(inherited)",
					"@executable_path/Frameworks",
					"@loader_path/Frameworks",
				);
				PRODUCT_BUNDLE_IDENTIFIER = "com.indigo.Carrier-UTCUITests";
				PRODUCT_NAME = "$(TARGET_NAME)";
				SWIFT_VERSION = 4.2;
				TARGETED_DEVICE_FAMILY = "1,2";
				TEST_TARGET_NAME = "Carrier UTC";
			};
			name = Debug;
		};
		1786405821A531D7006ED91B /* Release */ = {
			isa = XCBuildConfiguration;
			buildSettings = {
				ALWAYS_EMBED_SWIFT_STANDARD_LIBRARIES = YES;
				CODE_SIGN_STYLE = Automatic;
				INFOPLIST_FILE = "Carrier UTCUITests/Info.plist";
				LD_RUNPATH_SEARCH_PATHS = (
					"$(inherited)",
					"@executable_path/Frameworks",
					"@loader_path/Frameworks",
				);
				PRODUCT_BUNDLE_IDENTIFIER = "com.indigo.Carrier-UTCUITests";
				PRODUCT_NAME = "$(TARGET_NAME)";
				SWIFT_VERSION = 4.2;
				TARGETED_DEVICE_FAMILY = "1,2";
				TEST_TARGET_NAME = "Carrier UTC";
			};
			name = Release;
		};
/* End XCBuildConfiguration section */

/* Begin XCConfigurationList section */
		1786402321A531D6006ED91B /* Build configuration list for PBXProject "Carrier UTC" */ = {
			isa = XCConfigurationList;
			buildConfigurations = (
				1786404E21A531D7006ED91B /* Debug */,
				1786404F21A531D7006ED91B /* Release */,
			);
			defaultConfigurationIsVisible = 0;
			defaultConfigurationName = Release;
		};
		1786405021A531D7006ED91B /* Build configuration list for PBXNativeTarget "Carrier UTC" */ = {
			isa = XCConfigurationList;
			buildConfigurations = (
				1786405121A531D7006ED91B /* Debug */,
				1786405221A531D7006ED91B /* Release */,
			);
			defaultConfigurationIsVisible = 0;
			defaultConfigurationName = Release;
		};
		1786405321A531D7006ED91B /* Build configuration list for PBXNativeTarget "Carrier UTCTests" */ = {
			isa = XCConfigurationList;
			buildConfigurations = (
				1786405421A531D7006ED91B /* Debug */,
				1786405521A531D7006ED91B /* Release */,
			);
			defaultConfigurationIsVisible = 0;
			defaultConfigurationName = Release;
		};
		1786405621A531D7006ED91B /* Build configuration list for PBXNativeTarget "Carrier UTCUITests" */ = {
			isa = XCConfigurationList;
			buildConfigurations = (
				1786405721A531D7006ED91B /* Debug */,
				1786405821A531D7006ED91B /* Release */,
			);
			defaultConfigurationIsVisible = 0;
			defaultConfigurationName = Release;
		};
/* End XCConfigurationList section */
	};
	rootObject = 1786402021A531D6006ED91B /* Project object */;
}
